
Microsoft Visual Studio Solution File, Format Version 12.00
# Visual Studio Version 17
VisualStudioVersion = 17.0.31903.59
MinimumVisualStudioVersion = 10.0.40219.1
Project("{FAE04EC0-301F-11D3-BF4B-00C04F79EFBC}") = "Domain", "Domain\Domain.csproj", "{98D16AE5-F515-4D17-8374-87087FE2B8D9}"
EndProject
Project("{FAE04EC0-301F-11D3-BF4B-00C04F79EFBC}") = "Infrastructore", "Infrastructore\Infrastructore.csproj", "{866C840D-EF5A-4B9C-B768-A6945D360F03}"
EndProject
Project("{FAE04EC0-301F-11D3-BF4B-00C04F79EFBC}") = "WebApp", "WebApp\WebApp.csproj", "{4184DA59-E70F-4DC6-86FD-37E475A5034C}"
EndProject
Global
	GlobalSection(SolutionConfigurationPlatforms) = preSolution
		Debug|Any CPU = Debug|Any CPU
		Release|Any CPU = Release|Any CPU
	EndGlobalSection
	GlobalSection(SolutionProperties) = preSolution
		HideSolutionNode = FALSE
	EndGlobalSection
	GlobalSection(ProjectConfigurationPlatforms) = postSolution
		{98D16AE5-F515-4D17-8374-87087FE2B8D9}.Debug|Any CPU.ActiveCfg = Debug|Any CPU
		{98D16AE5-F515-4D17-8374-87087FE2B8D9}.Debug|Any CPU.Build.0 = Debug|Any CPU
		{98D16AE5-F515-4D17-8374-87087FE2B8D9}.Release|Any CPU.ActiveCfg = Release|Any CPU
		{98D16AE5-F515-4D17-8374-87087FE2B8D9}.Release|Any CPU.Build.0 = Release|Any CPU
		{866C840D-EF5A-4B9C-B768-A6945D360F03}.Debug|Any CPU.ActiveCfg = Debug|Any CPU
		{866C840D-EF5A-4B9C-B768-A6945D360F03}.Debug|Any CPU.Build.0 = Debug|Any CPU
		{866C840D-EF5A-4B9C-B768-A6945D360F03}.Release|Any CPU.ActiveCfg = Release|Any CPU
		{866C840D-EF5A-4B9C-B768-A6945D360F03}.Release|Any CPU.Build.0 = Release|Any CPU
		{4184DA59-E70F-4DC6-86FD-37E475A5034C}.Debug|Any CPU.ActiveCfg = Debug|Any CPU
		{4184DA59-E70F-4DC6-86FD-37E475A5034C}.Debug|Any CPU.Build.0 = Debug|Any CPU
		{4184DA59-E70F-4DC6-86FD-37E475A5034C}.Release|Any CPU.ActiveCfg = Release|Any CPU
		{4184DA59-E70F-4DC6-86FD-37E475A5034C}.Release|Any CPU.Build.0 = Release|Any CPU
	EndGlobalSection
EndGlobal
